// !$*UTF8*$!
{
	archiveVersion = 1;
	classes = {
	};
	objectVersion = 46;
	objects = {

/* Begin PBXBuildFile section */
		39916E071C0D31A9009A81AE /* WritingViewController.m in Sources */ = {isa = PBXBuildFile; fileRef = 39916E061C0D31A9009A81AE /* WritingViewController.m */; settings = {ASSET_TAGS = (); }; };
		39916E0A1C0F532D009A81AE /* PictureViewController.m in Sources */ = {isa = PBXBuildFile; fileRef = 39916E091C0F532D009A81AE /* PictureViewController.m */; settings = {ASSET_TAGS = (); }; };
		39916E0D1C1123D4009A81AE /* InfoViewController.m in Sources */ = {isa = PBXBuildFile; fileRef = 39916E0C1C1123D4009A81AE /* InfoViewController.m */; settings = {ASSET_TAGS = (); }; };
		5366A8241C0CEACC00FAF87C /* main.m in Sources */ = {isa = PBXBuildFile; fileRef = 5366A8231C0CEACC00FAF87C /* main.m */; };
		5366A8271C0CEACC00FAF87C /* AppDelegate.m in Sources */ = {isa = PBXBuildFile; fileRef = 5366A8261C0CEACC00FAF87C /* AppDelegate.m */; };
		5366A82A1C0CEACC00FAF87C /* ViewController.m in Sources */ = {isa = PBXBuildFile; fileRef = 5366A8291C0CEACC00FAF87C /* ViewController.m */; };
		5366A82D1C0CEACC00FAF87C /* Main.storyboard in Resources */ = {isa = PBXBuildFile; fileRef = 5366A82B1C0CEACC00FAF87C /* Main.storyboard */; };
		5366A82F1C0CEACC00FAF87C /* Assets.xcassets in Resources */ = {isa = PBXBuildFile; fileRef = 5366A82E1C0CEACC00FAF87C /* Assets.xcassets */; };
		5366A8321C0CEACC00FAF87C /* LaunchScreen.storyboard in Resources */ = {isa = PBXBuildFile; fileRef = 5366A8301C0CEACC00FAF87C /* LaunchScreen.storyboard */; };
		5366A83D1C0CEACC00FAF87C /* mealReelTests.m in Sources */ = {isa = PBXBuildFile; fileRef = 5366A83C1C0CEACC00FAF87C /* mealReelTests.m */; };
		5366A8481C0CEACC00FAF87C /* mealReelUITests.m in Sources */ = {isa = PBXBuildFile; fileRef = 5366A8471C0CEACC00FAF87C /* mealReelUITests.m */; };
/* End PBXBuildFile section */

/* Begin PBXContainerItemProxy section */
		5366A8391C0CEACC00FAF87C /* PBXContainerItemProxy */ = {
			isa = PBXContainerItemProxy;
			containerPortal = 5366A8171C0CEACC00FAF87C /* Project object */;
			proxyType = 1;
			remoteGlobalIDString = 5366A81E1C0CEACC00FAF87C;
			remoteInfo = mealReel;
		};
		5366A8441C0CEACC00FAF87C /* PBXContainerItemProxy */ = {
			isa = PBXContainerItemProxy;
			containerPortal = 5366A8171C0CEACC00FAF87C /* Project object */;
			proxyType = 1;
			remoteGlobalIDString = 5366A81E1C0CEACC00FAF87C;
			remoteInfo = mealReel;
		};
/* End PBXContainerItemProxy section */

/* Begin PBXFileReference section */
		39916E051C0D31A9009A81AE /* WritingViewController.h */ = {isa = PBXFileReference; fileEncoding = 4; lastKnownFileType = sourcecode.c.h; path = WritingViewController.h; sourceTree = "<group>"; };
		39916E061C0D31A9009A81AE /* WritingViewController.m */ = {isa = PBXFileReference; fileEncoding = 4; lastKnownFileType = sourcecode.c.objc; path = WritingViewController.m; sourceTree = "<group>"; };
		39916E081C0F532D009A81AE /* PictureViewController.h */ = {isa = PBXFileReference; fileEncoding = 4; lastKnownFileType = sourcecode.c.h; path = PictureViewController.h; sourceTree = "<group>"; };
		39916E091C0F532D009A81AE /* PictureViewController.m */ = {isa = PBXFileReference; fileEncoding = 4; lastKnownFileType = sourcecode.c.objc; path = PictureViewController.m; sourceTree = "<group>"; };
		39916E0B1C1123D4009A81AE /* InfoViewController.h */ = {isa = PBXFileReference; fileEncoding = 4; lastKnownFileType = sourcecode.c.h; path = InfoViewController.h; sourceTree = "<group>"; };
		39916E0C1C1123D4009A81AE /* InfoViewController.m */ = {isa = PBXFileReference; fileEncoding = 4; lastKnownFileType = sourcecode.c.objc; path = InfoViewController.m; sourceTree = "<group>"; };
		5366A81F1C0CEACC00FAF87C /* mealReel.app */ = {isa = PBXFileReference; explicitFileType = wrapper.application; includeInIndex = 0; path = mealReel.app; sourceTree = BUILT_PRODUCTS_DIR; };
		5366A8231C0CEACC00FAF87C /* main.m */ = {isa = PBXFileReference; lastKnownFileType = sourcecode.c.objc; path = main.m; sourceTree = "<group>"; };
		5366A8251C0CEACC00FAF87C /* AppDelegate.h */ = {isa = PBXFileReference; lastKnownFileType = sourcecode.c.h; path = AppDelegate.h; sourceTree = "<group>"; };
		5366A8261C0CEACC00FAF87C /* AppDelegate.m */ = {isa = PBXFileReference; lastKnownFileType = sourcecode.c.objc; path = AppDelegate.m; sourceTree = "<group>"; };
		5366A8281C0CEACC00FAF87C /* ViewController.h */ = {isa = PBXFileReference; lastKnownFileType = sourcecode.c.h; path = ViewController.h; sourceTree = "<group>"; };
		5366A8291C0CEACC00FAF87C /* ViewController.m */ = {isa = PBXFileReference; lastKnownFileType = sourcecode.c.objc; path = ViewController.m; sourceTree = "<group>"; };
		5366A82C1C0CEACC00FAF87C /* Base */ = {isa = PBXFileReference; lastKnownFileType = file.storyboard; name = Base; path = Base.lproj/Main.storyboard; sourceTree = "<group>"; };
		5366A82E1C0CEACC00FAF87C /* Assets.xcassets */ = {isa = PBXFileReference; lastKnownFileType = folder.assetcatalog; path = Assets.xcassets; sourceTree = "<group>"; };
		5366A8311C0CEACC00FAF87C /* Base */ = {isa = PBXFileReference; lastKnownFileType = file.storyboard; name = Base; path = Base.lproj/LaunchScreen.storyboard; sourceTree = "<group>"; };
		5366A8331C0CEACC00FAF87C /* Info.plist */ = {isa = PBXFileReference; lastKnownFileType = text.plist.xml; path = Info.plist; sourceTree = "<group>"; };
		5366A8381C0CEACC00FAF87C /* mealReelTests.xctest */ = {isa = PBXFileReference; explicitFileType = wrapper.cfbundle; includeInIndex = 0; path = mealReelTests.xctest; sourceTree = BUILT_PRODUCTS_DIR; };
		5366A83C1C0CEACC00FAF87C /* mealReelTests.m */ = {isa = PBXFileReference; lastKnownFileType = sourcecode.c.objc; path = mealReelTests.m; sourceTree = "<group>"; };
		5366A83E1C0CEACC00FAF87C /* Info.plist */ = {isa = PBXFileReference; lastKnownFileType = text.plist.xml; path = Info.plist; sourceTree = "<group>"; };
		5366A8431C0CEACC00FAF87C /* mealReelUITests.xctest */ = {isa = PBXFileReference; explicitFileType = wrapper.cfbundle; includeInIndex = 0; path = mealReelUITests.xctest; sourceTree = BUILT_PRODUCTS_DIR; };
		5366A8471C0CEACC00FAF87C /* mealReelUITests.m */ = {isa = PBXFileReference; lastKnownFileType = sourcecode.c.objc; path = mealReelUITests.m; sourceTree = "<group>"; };
		5366A8491C0CEACC00FAF87C /* Info.plist */ = {isa = PBXFileReference; lastKnownFileType = text.plist.xml; path = Info.plist; sourceTree = "<group>"; };
/* End PBXFileReference section */

/* Begin PBXFrameworksBuildPhase section */
		5366A81C1C0CEACC00FAF87C /* Frameworks */ = {
			isa = PBXFrameworksBuildPhase;
			buildActionMask = 2147483647;
			files = (
			);
			runOnlyForDeploymentPostprocessing = 0;
		};
		5366A8351C0CEACC00FAF87C /* Frameworks */ = {
			isa = PBXFrameworksBuildPhase;
			buildActionMask = 2147483647;
			files = (
			);
			runOnlyForDeploymentPostprocessing = 0;
		};
		5366A8401C0CEACC00FAF87C /* Frameworks */ = {
			isa = PBXFrameworksBuildPhase;
			buildActionMask = 2147483647;
			files = (
			);
			runOnlyForDeploymentPostprocessing = 0;
		};
/* End PBXFrameworksBuildPhase section */

/* Begin PBXGroup section */
		5366A8161C0CEACC00FAF87C = {
			isa = PBXGroup;
			children = (
				5366A8211C0CEACC00FAF87C /* mealReel */,
				5366A83B1C0CEACC00FAF87C /* mealReelTests */,
				5366A8461C0CEACC00FAF87C /* mealReelUITests */,
				5366A8201C0CEACC00FAF87C /* Products */,
			);
			sourceTree = "<group>";
		};
		5366A8201C0CEACC00FAF87C /* Products */ = {
			isa = PBXGroup;
			children = (
				5366A81F1C0CEACC00FAF87C /* mealReel.app */,
				5366A8381C0CEACC00FAF87C /* mealReelTests.xctest */,
				5366A8431C0CEACC00FAF87C /* mealReelUITests.xctest */,
			);
			name = Products;
			sourceTree = "<group>";
		};
		5366A8211C0CEACC00FAF87C /* mealReel */ = {
			isa = PBXGroup;
			children = (
				5366A8251C0CEACC00FAF87C /* AppDelegate.h */,
				5366A8261C0CEACC00FAF87C /* AppDelegate.m */,
				5366A8281C0CEACC00FAF87C /* ViewController.h */,
				5366A8291C0CEACC00FAF87C /* ViewController.m */,
				5366A82B1C0CEACC00FAF87C /* Main.storyboard */,
				5366A82E1C0CEACC00FAF87C /* Assets.xcassets */,
				5366A8301C0CEACC00FAF87C /* LaunchScreen.storyboard */,
				5366A8331C0CEACC00FAF87C /* Info.plist */,
				5366A8221C0CEACC00FAF87C /* Supporting Files */,
				39916E051C0D31A9009A81AE /* WritingViewController.h */,
				39916E061C0D31A9009A81AE /* WritingViewController.m */,
				39916E081C0F532D009A81AE /* PictureViewController.h */,
				39916E091C0F532D009A81AE /* PictureViewController.m */,
				39916E0B1C1123D4009A81AE /* InfoViewController.h */,
				39916E0C1C1123D4009A81AE /* InfoViewController.m */,
			);
			path = mealReel;
			sourceTree = "<group>";
		};
		5366A8221C0CEACC00FAF87C /* Supporting Files */ = {
			isa = PBXGroup;
			children = (
				5366A8231C0CEACC00FAF87C /* main.m */,
			);
			name = "Supporting Files";
			sourceTree = "<group>";
		};
		5366A83B1C0CEACC00FAF87C /* mealReelTests */ = {
			isa = PBXGroup;
			children = (
				5366A83C1C0CEACC00FAF87C /* mealReelTests.m */,
				5366A83E1C0CEACC00FAF87C /* Info.plist */,
			);
			path = mealReelTests;
			sourceTree = "<group>";
		};
		5366A8461C0CEACC00FAF87C /* mealReelUITests */ = {
			isa = PBXGroup;
			children = (
				5366A8471C0CEACC00FAF87C /* mealReelUITests.m */,
				5366A8491C0CEACC00FAF87C /* Info.plist */,
			);
			path = mealReelUITests;
			sourceTree = "<group>";
		};
/* End PBXGroup section */

/* Begin PBXNativeTarget section */
		5366A81E1C0CEACC00FAF87C /* mealReel */ = {
			isa = PBXNativeTarget;
			buildConfigurationList = 5366A84C1C0CEACC00FAF87C /* Build configuration list for PBXNativeTarget "mealReel" */;
			buildPhases = (
				5366A81B1C0CEACC00FAF87C /* Sources */,
				5366A81C1C0CEACC00FAF87C /* Frameworks */,
				5366A81D1C0CEACC00FAF87C /* Resources */,
			);
			buildRules = (
			);
			dependencies = (
			);
			name = mealReel;
			productName = mealReel;
			productReference = 5366A81F1C0CEACC00FAF87C /* mealReel.app */;
			productType = "com.apple.product-type.application";
		};
		5366A8371C0CEACC00FAF87C /* mealReelTests */ = {
			isa = PBXNativeTarget;
			buildConfigurationList = 5366A84F1C0CEACC00FAF87C /* Build configuration list for PBXNativeTarget "mealReelTests" */;
			buildPhases = (
				5366A8341C0CEACC00FAF87C /* Sources */,
				5366A8351C0CEACC00FAF87C /* Frameworks */,
				5366A8361C0CEACC00FAF87C /* Resources */,
			);
			buildRules = (
			);
			dependencies = (
				5366A83A1C0CEACC00FAF87C /* PBXTargetDependency */,
			);
			name = mealReelTests;
			productName = mealReelTests;
			productReference = 5366A8381C0CEACC00FAF87C /* mealReelTests.xctest */;
			productType = "com.apple.product-type.bundle.unit-test";
		};
		5366A8421C0CEACC00FAF87C /* mealReelUITests */ = {
			isa = PBXNativeTarget;
			buildConfigurationList = 5366A8521C0CEACC00FAF87C /* Build configuration list for PBXNativeTarget "mealReelUITests" */;
			buildPhases = (
				5366A83F1C0CEACC00FAF87C /* Sources */,
				5366A8401C0CEACC00FAF87C /* Frameworks */,
				5366A8411C0CEACC00FAF87C /* Resources */,
			);
			buildRules = (
			);
			dependencies = (
				5366A8451C0CEACC00FAF87C /* PBXTargetDependency */,
			);
			name = mealReelUITests;
			productName = mealReelUITests;
			productReference = 5366A8431C0CEACC00FAF87C /* mealReelUITests.xctest */;
			productType = "com.apple.product-type.bundle.ui-testing";
		};
/* End PBXNativeTarget section */

/* Begin PBXProject section */
		5366A8171C0CEACC00FAF87C /* Project object */ = {
			isa = PBXProject;
			attributes = {
				LastUpgradeCheck = 0700;
				ORGANIZATIONNAME = "Yating Zhan";
				TargetAttributes = {
					5366A81E1C0CEACC00FAF87C = {
						CreatedOnToolsVersion = 7.0;
						DevelopmentTeam = QQVVSLSE97;
					};
					5366A8371C0CEACC00FAF87C = {
						CreatedOnToolsVersion = 7.0;
						DevelopmentTeam = QQVVSLSE97;
						TestTargetID = 5366A81E1C0CEACC00FAF87C;
					};
					5366A8421C0CEACC00FAF87C = {
						CreatedOnToolsVersion = 7.0;
						DevelopmentTeam = QQVVSLSE97;
						TestTargetID = 5366A81E1C0CEACC00FAF87C;
					};
				};
			};
			buildConfigurationList = 5366A81A1C0CEACC00FAF87C /* Build configuration list for PBXProject "mealReel" */;
			compatibilityVersion = "Xcode 3.2";
			developmentRegion = English;
			hasScannedForEncodings = 0;
			knownRegions = (
				en,
				Base,
			);
			mainGroup = 5366A8161C0CEACC00FAF87C;
			productRefGroup = 5366A8201C0CEACC00FAF87C /* Products */;
			projectDirPath = "";
			projectRoot = "";
			targets = (
				5366A81E1C0CEACC00FAF87C /* mealReel */,
				5366A8371C0CEACC00FAF87C /* mealReelTests */,
				5366A8421C0CEACC00FAF87C /* mealReelUITests */,
			);
		};
/* End PBXProject section */

/* Begin PBXResourcesBuildPhase section */
		5366A81D1C0CEACC00FAF87C /* Resources */ = {
			isa = PBXResourcesBuildPhase;
			buildActionMask = 2147483647;
			files = (
				5366A8321C0CEACC00FAF87C /* LaunchScreen.storyboard in Resources */,
				5366A82F1C0CEACC00FAF87C /* Assets.xcassets in Resources */,
				5366A82D1C0CEACC00FAF87C /* Main.storyboard in Resources */,
			);
			runOnlyForDeploymentPostprocessing = 0;
		};
		5366A8361C0CEACC00FAF87C /* Resources */ = {
			isa = PBXResourcesBuildPhase;
			buildActionMask = 2147483647;
			files = (
			);
			runOnlyForDeploymentPostprocessing = 0;
		};
		5366A8411C0CEACC00FAF87C /* Resources */ = {
			isa = PBXResourcesBuildPhase;
			buildActionMask = 2147483647;
			files = (
			);
			runOnlyForDeploymentPostprocessing = 0;
		};
/* End PBXResourcesBuildPhase section */

/* Begin PBXSourcesBuildPhase section */
		5366A81B1C0CEACC00FAF87C /* Sources */ = {
			isa = PBXSourcesBuildPhase;
			buildActionMask = 2147483647;
			files = (
				5366A82A1C0CEACC00FAF87C /* ViewController.m in Sources */,
				39916E0A1C0F532D009A81AE /* PictureViewController.m in Sources */,
				39916E0D1C1123D4009A81AE /* InfoViewController.m in Sources */,
				39916E071C0D31A9009A81AE /* WritingViewController.m in Sources */,
				5366A8271C0CEACC00FAF87C /* AppDelegate.m in Sources */,
				5366A8241C0CEACC00FAF87C /* main.m in Sources */,
			);
			runOnlyForDeploymentPostprocessing = 0;
		};
		5366A8341C0CEACC00FAF87C /* Sources */ = {
			isa = PBXSourcesBuildPhase;
			buildActionMask = 2147483647;
			files = (
				5366A83D1C0CEACC00FAF87C /* mealReelTests.m in Sources */,
			);
			runOnlyForDeploymentPostprocessing = 0;
		};
		5366A83F1C0CEACC00FAF87C /* Sources */ = {
			isa = PBXSourcesBuildPhase;
			buildActionMask = 2147483647;
			files = (
				5366A8481C0CEACC00FAF87C /* mealReelUITests.m in Sources */,
			);
			runOnlyForDeploymentPostprocessing = 0;
		};
/* End PBXSourcesBuildPhase section */

/* Begin PBXTargetDependency section */
		5366A83A1C0CEACC00FAF87C /* PBXTargetDependency */ = {
			isa = PBXTargetDependency;
			target = 5366A81E1C0CEACC00FAF87C /* mealReel */;
			targetProxy = 5366A8391C0CEACC00FAF87C /* PBXContainerItemProxy */;
		};
		5366A8451C0CEACC00FAF87C /* PBXTargetDependency */ = {
			isa = PBXTargetDependency;
			target = 5366A81E1C0CEACC00FAF87C /* mealReel */;
			targetProxy = 5366A8441C0CEACC00FAF87C /* PBXContainerItemProxy */;
		};
/* End PBXTargetDependency section */

/* Begin PBXVariantGroup section */
		5366A82B1C0CEACC00FAF87C /* Main.storyboard */ = {
			isa = PBXVariantGroup;
			children = (
				5366A82C1C0CEACC00FAF87C /* Base */,
			);
			name = Main.storyboard;
			sourceTree = "<group>";
		};
		5366A8301C0CEACC00FAF87C /* LaunchScreen.storyboard */ = {
			isa = PBXVariantGroup;
			children = (
				5366A8311C0CEACC00FAF87C /* Base */,
			);
			name = LaunchScreen.storyboard;
			sourceTree = "<group>";
		};
/* End PBXVariantGroup section */

/* Begin XCBuildConfiguration section */
		5366A84A1C0CEACC00FAF87C /* Debug */ = {
			isa = XCBuildConfiguration;
			buildSettings = {
				ALWAYS_SEARCH_USER_PATHS = NO;
				CLANG_CXX_LANGUAGE_STANDARD = "gnu++0x";
				CLANG_CXX_LIBRARY = "libc++";
				CLANG_ENABLE_MODULES = YES;
				CLANG_ENABLE_OBJC_ARC = YES;
				CLANG_WARN_BOOL_CONVERSION = YES;
				CLANG_WARN_CONSTANT_CONVERSION = YES;
				CLANG_WARN_DIRECT_OBJC_ISA_USAGE = YES_ERROR;
				CLANG_WARN_EMPTY_BODY = YES;
				CLANG_WARN_ENUM_CONVERSION = YES;
				CLANG_WARN_INT_CONVERSION = YES;
				CLANG_WARN_OBJC_ROOT_CLASS = YES_ERROR;
				CLANG_WARN_UNREACHABLE_CODE = YES;
				CLANG_WARN__DUPLICATE_METHOD_MATCH = YES;
				"CODE_SIGN_IDENTITY[sdk=iphoneos*]" = "iPhone Developer";
				COPY_PHASE_STRIP = NO;
				DEBUG_INFORMATION_FORMAT = dwarf;
				ENABLE_STRICT_OBJC_MSGSEND = YES;
				ENABLE_TESTABILITY = YES;
				GCC_C_LANGUAGE_STANDARD = gnu99;
				GCC_DYNAMIC_NO_PIC = NO;
				GCC_NO_COMMON_BLOCKS = YES;
				GCC_OPTIMIZATION_LEVEL = 0;
				GCC_PREPROCESSOR_DEFINITIONS = (
					"DEBUG=1",
					"$(inherited)",
				);
				GCC_WARN_64_TO_32_BIT_CONVERSION = YES;
				GCC_WARN_ABOUT_RETURN_TYPE = YES_ERROR;
				GCC_WARN_UNDECLARED_SELECTOR = YES;
				GCC_WARN_UNINITIALIZED_AUTOS = YES_AGGRESSIVE;
				GCC_WARN_UNUSED_FUNCTION = YES;
				GCC_WARN_UNUSED_VARIABLE = YES;
				IPHONEOS_DEPLOYMENT_TARGET = 9.0;
				MTL_ENABLE_DEBUG_INFO = YES;
				ONLY_ACTIVE_ARCH = YES;
				SDKROOT = iphoneos;
			};
			name = Debug;
		};
		5366A84B1C0CEACC00FAF87C /* Release */ = {
			isa = XCBuildConfiguration;
			buildSettings = {
				ALWAYS_SEARCH_USER_PATHS = NO;
				CLANG_CXX_LANGUAGE_STANDARD = "gnu++0x";
				CLANG_CXX_LIBRARY = "libc++";
				CLANG_ENABLE_MODULES = YES;
				CLANG_ENABLE_OBJC_ARC = YES;
				CLANG_WARN_BOOL_CONVERSION = YES;
				CLANG_WARN_CONSTANT_CONVERSION = YES;
				CLANG_WARN_DIRECT_OBJC_ISA_USAGE = YES_ERROR;
				CLANG_WARN_EMPTY_BODY = YES;
				CLANG_WARN_ENUM_CONVERSION = YES;
				CLANG_WARN_INT_CONVERSION = YES;
				CLANG_WARN_OBJC_ROOT_CLASS = YES_ERROR;
				CLANG_WARN_UNREACHABLE_CODE = YES;
				CLANG_WARN__DUPLICATE_METHOD_MATCH = YES;
				"CODE_SIGN_IDENTITY[sdk=iphoneos*]" = "iPhone Developer";
				COPY_PHASE_STRIP = NO;
				DEBUG_INFORMATION_FORMAT = "dwarf-with-dsym";
				ENABLE_NS_ASSERTIONS = NO;
				ENABLE_STRICT_OBJC_MSGSEND = YES;
				GCC_C_LANGUAGE_STANDARD = gnu99;
				GCC_NO_COMMON_BLOCKS = YES;
				GCC_WARN_64_TO_32_BIT_CONVERSION = YES;
				GCC_WARN_ABOUT_RETURN_TYPE = YES_ERROR;
				GCC_WARN_UNDECLARED_SELECTOR = YES;
				GCC_WARN_UNINITIALIZED_AUTOS = YES_AGGRESSIVE;
				GCC_WARN_UNUSED_FUNCTION = YES;
				GCC_WARN_UNUSED_VARIABLE = YES;
				IPHONEOS_DEPLOYMENT_TARGET = 9.0;
				MTL_ENABLE_DEBUG_INFO = NO;
				SDKROOT = iphoneos;
				VALIDATE_PRODUCT = YES;
			};
			name = Release;
		};
		5366A84D1C0CEACC00FAF87C /* Debug */ = {
			isa = XCBuildConfiguration;
			buildSettings = {
				ASSETCATALOG_COMPILER_APPICON_NAME = AppIcon;
				INFOPLIST_FILE = mealReel/Info.plist;
				LD_RUNPATH_SEARCH_PATHS = "$(inherited) @executable_path/Frameworks";
				PRODUCT_BUNDLE_IDENTIFIER = nyu.edu.mealReel;
				PRODUCT_NAME = "$(TARGET_NAME)";
			};
			name = Debug;
		};
		5366A84E1C0CEACC00FAF87C /* Release */ = {
			isa = XCBuildConfiguration;
			buildSettings = {
				ASSETCATALOG_COMPILER_APPICON_NAME = AppIcon;
				INFOPLIST_FILE = mealReel/Info.plist;
				LD_RUNPATH_SEARCH_PATHS = "$(inherited) @executable_path/Frameworks";
				PRODUCT_BUNDLE_IDENTIFIER = nyu.edu.mealReel;
				PRODUCT_NAME = "$(TARGET_NAME)";
			};
			name = Release;
		};
		5366A8501C0CEACC00FAF87C /* Debug */ = {
			isa = XCBuildConfiguration;
			buildSettings = {
				BUNDLE_LOADER = "$(TEST_HOST)";
				INFOPLIST_FILE = mealReelTests/Info.plist;
				LD_RUNPATH_SEARCH_PATHS = "$(inherited) @executable_path/Frameworks @loader_path/Frameworks";
				PRODUCT_BUNDLE_IDENTIFIER = nyu.edu.mealReelTests;
				PRODUCT_NAME = "$(TARGET_NAME)";
				TEST_HOST = "$(BUILT_PRODUCTS_DIR)/mealReel.app/mealReel";
			};
			name = Debug;
		};
		5366A8511C0CEACC00FAF87C /* Release */ = {
			isa = XCBuildConfiguration;
			buildSettings = {
				BUNDLE_LOADER = "$(TEST_HOST)";
				INFOPLIST_FILE = mealReelTests/Info.plist;
				LD_RUNPATH_SEARCH_PATHS = "$(inherited) @executable_path/Frameworks @loader_path/Frameworks";
				PRODUCT_BUNDLE_IDENTIFIER = nyu.edu.mealReelTests;
				PRODUCT_NAME = "$(TARGET_NAME)";
				TEST_HOST = "$(BUILT_PRODUCTS_DIR)/mealReel.app/mealReel";
			};
			name = Release;
		};
		5366A8531C0CEACC00FAF87C /* Debug */ = {
			isa = XCBuildConfiguration;
			buildSettings = {
				INFOPLIST_FILE = mealReelUITests/Info.plist;
				LD_RUNPATH_SEARCH_PATHS = "$(inherited) @executable_path/Frameworks @loader_path/Frameworks";
				PRODUCT_BUNDLE_IDENTIFIER = nyu.edu.mealReelUITests;
				PRODUCT_NAME = "$(TARGET_NAME)";
				TEST_TARGET_NAME = mealReel;
				USES_XCTRUNNER = YES;
			};
			name = Debug;
		};
		5366A8541C0CEACC00FAF87C /* Release */ = {
			isa = XCBuildConfiguration;
			buildSettings = {
				INFOPLIST_FILE = mealReelUITests/Info.plist;
				LD_RUNPATH_SEARCH_PATHS = "$(inherited) @executable_path/Frameworks @loader_path/Frameworks";
				PRODUCT_BUNDLE_IDENTIFIER = nyu.edu.mealReelUITests;
				PRODUCT_NAME = "$(TARGET_NAME)";
				TEST_TARGET_NAME = mealReel;
				USES_XCTRUNNER = YES;
			};
			name = Release;
		};
/* End XCBuildConfiguration section */

/* Begin XCConfigurationList section */
		5366A81A1C0CEACC00FAF87C /* Build configuration list for PBXProject "mealReel" */ = {
			isa = XCConfigurationList;
			buildConfigurations = (
				5366A84A1C0CEACC00FAF87C /* Debug */,
				5366A84B1C0CEACC00FAF87C /* Release */,
			);
			defaultConfigurationIsVisible = 0;
			defaultConfigurationName = Release;
		};
		5366A84C1C0CEACC00FAF87C /* Build configuration list for PBXNativeTarget "mealReel" */ = {
			isa = XCConfigurationList;
			buildConfigurations = (
				5366A84D1C0CEACC00FAF87C /* Debug */,
				5366A84E1C0CEACC00FAF87C /* Release */,
			);
			defaultConfigurationIsVisible = 0;
			defaultConfigurationName = Release;
		};
		5366A84F1C0CEACC00FAF87C /* Build configuration list for PBXNativeTarget "mealReelTests" */ = {
			isa = XCConfigurationList;
			buildConfigurations = (
				5366A8501C0CEACC00FAF87C /* Debug */,
				5366A8511C0CEACC00FAF87C /* Release */,
			);
			defaultConfigurationIsVisible = 0;
			defaultConfigurationName = Release;
		};
		5366A8521C0CEACC00FAF87C /* Build configuration list for PBXNativeTarget "mealReelUITests" */ = {
			isa = XCConfigurationList;
			buildConfigurations = (
				5366A8531C0CEACC00FAF87C /* Debug */,
				5366A8541C0CEACC00FAF87C /* Release */,
			);
			defaultConfigurationIsVisible = 0;
			defaultConfigurationName = Release;
		};
/* End XCConfigurationList section */
	};
	rootObject = 5366A8171C0CEACC00FAF87C /* Project object */;
}
